
Microsoft Visual Studio Solution File, Format Version 12.00
# Visual Studio Version 17
VisualStudioVersion = 17.1.32210.238
MinimumVisualStudioVersion = 10.0.40219.1
Project("{2150E333-8FDC-42A3-9474-1A3956D46DE8}") = "src", "src", "{2406E902-FD50-4028-AA2E-B03761EDA60F}"
EndProject
Project("{2150E333-8FDC-42A3-9474-1A3956D46DE8}") = "Core", "Core", "{B9F080ED-644A-4E67-948E-31DD64D5FAE7}"
EndProject
Project("{2150E333-8FDC-42A3-9474-1A3956D46DE8}") = "Insfraestructure", "Insfraestructure", "{09F01F0B-15BE-440A-936D-96F2302111ED}"
EndProject
Project("{2150E333-8FDC-42A3-9474-1A3956D46DE8}") = "Presentation", "Presentation", "{85CFC8D5-C7EE-4317-A424-CCE8EDECD5BC}"
EndProject
Project("{9A19103F-16F7-4668-BE54-9A1E7A4F7556}") = "Application", "Aplication\Application.csproj", "{BA7D41B3-9800-40D1-BDF5-EAF3567EE22B}"
EndProject
Project("{9A19103F-16F7-4668-BE54-9A1E7A4F7556}") = "Domain", "Domain\Domain.csproj", "{EE47DE0B-EA22-4F71-9B55-752B956726E0}"
EndProject
Project("{9A19103F-16F7-4668-BE54-9A1E7A4F7556}") = "Persistence", "Persistence\Persistence.csproj", "{300A02EF-AB73-4E1F-BD98-A5AA7B1BFC1A}"
EndProject
Project("{9A19103F-16F7-4668-BE54-9A1E7A4F7556}") = "Shared", "Shared\Shared.csproj", "{50ED49B8-4CC6-40A7-B104-599AF2DB0905}"
EndProject
Project("{9A19103F-16F7-4668-BE54-9A1E7A4F7556}") = "WebApi", "WebApi\WebApi.csproj", "{FBC9A463-26A3-441A-84DE-7557A117966C}"
EndProject
Global
	GlobalSection(SolutionConfigurationPlatforms) = preSolution
		Debug|Any CPU = Debug|Any CPU
		Release|Any CPU = Release|Any CPU
	EndGlobalSection
	GlobalSection(ProjectConfigurationPlatforms) = postSolution
		{BA7D41B3-9800-40D1-BDF5-EAF3567EE22B}.Debug|Any CPU.ActiveCfg = Debug|Any CPU
		{BA7D41B3-9800-40D1-BDF5-EAF3567EE22B}.Debug|Any CPU.Build.0 = Debug|Any CPU
		{BA7D41B3-9800-40D1-BDF5-EAF3567EE22B}.Release|Any CPU.ActiveCfg = Release|Any CPU
		{BA7D41B3-9800-40D1-BDF5-EAF3567EE22B}.Release|Any CPU.Build.0 = Release|Any CPU
		{EE47DE0B-EA22-4F71-9B55-752B956726E0}.Debug|Any CPU.ActiveCfg = Debug|Any CPU
		{EE47DE0B-EA22-4F71-9B55-752B956726E0}.Debug|Any CPU.Build.0 = Debug|Any CPU
		{EE47DE0B-EA22-4F71-9B55-752B956726E0}.Release|Any CPU.ActiveCfg = Release|Any CPU
		{EE47DE0B-EA22-4F71-9B55-752B956726E0}.Release|Any CPU.Build.0 = Release|Any CPU
		{300A02EF-AB73-4E1F-BD98-A5AA7B1BFC1A}.Debug|Any CPU.ActiveCfg = Debug|Any CPU
		{300A02EF-AB73-4E1F-BD98-A5AA7B1BFC1A}.Debug|Any CPU.Build.0 = Debug|Any CPU
		{300A02EF-AB73-4E1F-BD98-A5AA7B1BFC1A}.Release|Any CPU.ActiveCfg = Release|Any CPU
		{300A02EF-AB73-4E1F-BD98-A5AA7B1BFC1A}.Release|Any CPU.Build.0 = Release|Any CPU
		{50ED49B8-4CC6-40A7-B104-599AF2DB0905}.Debug|Any CPU.ActiveCfg = Debug|Any CPU
		{50ED49B8-4CC6-40A7-B104-599AF2DB0905}.Debug|Any CPU.Build.0 = Debug|Any CPU
		{50ED49B8-4CC6-40A7-B104-599AF2DB0905}.Release|Any CPU.ActiveCfg = Release|Any CPU
		{50ED49B8-4CC6-40A7-B104-599AF2DB0905}.Release|Any CPU.Build.0 = Release|Any CPU
		{FBC9A463-26A3-441A-84DE-7557A117966C}.Debug|Any CPU.ActiveCfg = Debug|Any CPU
		{FBC9A463-26A3-441A-84DE-7557A117966C}.Debug|Any CPU.Build.0 = Debug|Any CPU
		{FBC9A463-26A3-441A-84DE-7557A117966C}.Release|Any CPU.ActiveCfg = Release|Any CPU
		{FBC9A463-26A3-441A-84DE-7557A117966C}.Release|Any CPU.Build.0 = Release|Any CPU
	EndGlobalSection
	GlobalSection(SolutionProperties) = preSolution
		HideSolutionNode = FALSE
	EndGlobalSection
	GlobalSection(NestedProjects) = preSolution
		{B9F080ED-644A-4E67-948E-31DD64D5FAE7} = {2406E902-FD50-4028-AA2E-B03761EDA60F}
		{09F01F0B-15BE-440A-936D-96F2302111ED} = {2406E902-FD50-4028-AA2E-B03761EDA60F}
		{85CFC8D5-C7EE-4317-A424-CCE8EDECD5BC} = {2406E902-FD50-4028-AA2E-B03761EDA60F}
		{BA7D41B3-9800-40D1-BDF5-EAF3567EE22B} = {B9F080ED-644A-4E67-948E-31DD64D5FAE7}
		{EE47DE0B-EA22-4F71-9B55-752B956726E0} = {B9F080ED-644A-4E67-948E-31DD64D5FAE7}
		{300A02EF-AB73-4E1F-BD98-A5AA7B1BFC1A} = {09F01F0B-15BE-440A-936D-96F2302111ED}
		{50ED49B8-4CC6-40A7-B104-599AF2DB0905} = {09F01F0B-15BE-440A-936D-96F2302111ED}
		{FBC9A463-26A3-441A-84DE-7557A117966C} = {85CFC8D5-C7EE-4317-A424-CCE8EDECD5BC}
	EndGlobalSection
	GlobalSection(ExtensibilityGlobals) = postSolution
		SolutionGuid = {C1F640A3-1F28-407D-B3E7-EA964975E68B}
	EndGlobalSection
EndGlobal
